
Microsoft Visual Studio Solution File, Format Version 12.00
# Visual Studio Version 17
VisualStudioVersion = 17.6.33829.357
MinimumVisualStudioVersion = 10.0.40219.1
Project("{FAE04EC0-301F-11D3-BF4B-00C04F79EFBC}") = "AddressBookSystem", "AddressBookSystem.csproj", "{A6BF1FE4-B1F6-4774-8F83-8001324F5FC7}"
EndProject
Global
	GlobalSection(SolutionConfigurationPlatforms) = preSolution
		Debug|Any CPU = Debug|Any CPU
		Release|Any CPU = Release|Any CPU
	EndGlobalSection
	GlobalSection(ProjectConfigurationPlatforms) = postSolution
		{A6BF1FE4-B1F6-4774-8F83-8001324F5FC7}.Debug|Any CPU.ActiveCfg = Debug|Any CPU
		{A6BF1FE4-B1F6-4774-8F83-8001324F5FC7}.Debug|Any CPU.Build.0 = Debug|Any CPU
		{A6BF1FE4-B1F6-4774-8F83-8001324F5FC7}.Release|Any CPU.ActiveCfg = Release|Any CPU
		{A6BF1FE4-B1F6-4774-8F83-8001324F5FC7}.Release|Any CPU.Build.0 = Release|Any CPU
	EndGlobalSection
	GlobalSection(SolutionProperties) = preSolution
		HideSolutionNode = FALSE
	EndGlobalSection
	GlobalSection(ExtensibilityGlobals) = postSolution
		SolutionGuid = {C4D485BA-6CA5-4784-9A41-1FF933B8246C}
	EndGlobalSection
EndGlobal
